
Microsoft Visual Studio Solution File, Format Version 12.00
# Visual Studio Version 17
VisualStudioVersion = 17.0.31314.256
MinimumVisualStudioVersion = 10.0.40219.1
Project("{2150E333-8FDC-42A3-9474-1A3956D46DE8}") = "Engine", "Engine", "{233774A8-CC9D-3FA9-86D1-90573E92B704}"
EndProject
Project("{2150E333-8FDC-42A3-9474-1A3956D46DE8}") = "Games", "Games", "{DE1F8B53-6C02-3C13-9101-A7C8D96F3FF6}"
EndProject
Project("{8BC9CEB8-8B4A-11D0-8D11-00A0C91BC942}") = "CProject5", "Intermediate\ProjectFiles\CProject5.vcxproj", "{88B20755-CE4E-3866-9158-60105BD750B2}"
EndProject
Project("{8BC9CEB8-8B4A-11D0-8D11-00A0C91BC942}") = "UE5", "Intermediate\ProjectFiles\UE5.vcxproj", "{09AEB7E3-F432-3105-B4A9-548B59DF2C00}"
EndProject
Project("{2150E333-8FDC-42A3-9474-1A3956D46DE8}") = "Visualizers", "Visualizers", "{1CCEC849-CC72-4C59-8C36-2F7C38706D4C}"
	ProjectSection(SolutionItems) = preProject
		E:\softwere\Epic\UE_5.0\UE_5.0\Engine\Extras\VisualStudioDebugging\Unreal.natvis = E:\softwere\Epic\UE_5.0\UE_5.0\Engine\Extras\VisualStudioDebugging\Unreal.natvis
	EndProjectSection
EndProject
Global
	GlobalSection(SolutionConfigurationPlatforms) = preSolution
		DebugGame Editor|HoloLens = DebugGame Editor|HoloLens
		DebugGame Editor|Win64 = DebugGame Editor|Win64
		DebugGame|HoloLens = DebugGame|HoloLens
		DebugGame|Win64 = DebugGame|Win64
		Development Editor|HoloLens = Development Editor|HoloLens
		Development Editor|Win64 = Development Editor|Win64
		Development|HoloLens = Development|HoloLens
		Development|Win64 = Development|Win64
		Shipping|HoloLens = Shipping|HoloLens
		Shipping|Win64 = Shipping|Win64
	EndGlobalSection
	# UnrealVS Section
	GlobalSection(ddbf523f-7eb6-4887-bd51-85a714ff87eb) = preSolution
		AvailablePlatforms=Win64;HoloLens
	EndGlobalSection
	GlobalSection(ProjectConfigurationPlatforms) = postSolution
		{88B20755-CE4E-3866-9158-60105BD750B2}.DebugGame Editor|HoloLens.ActiveCfg = Invalid|x64
		{88B20755-CE4E-3866-9158-60105BD750B2}.DebugGame Editor|Win64.ActiveCfg = DebugGame_Editor|x64
		{88B20755-CE4E-3866-9158-60105BD750B2}.DebugGame Editor|Win64.Build.0 = DebugGame_Editor|x64
		{88B20755-CE4E-3866-9158-60105BD750B2}.DebugGame|HoloLens.ActiveCfg = DebugGame|arm64
		{88B20755-CE4E-3866-9158-60105BD750B2}.DebugGame|HoloLens.Build.0 = DebugGame|arm64
		{88B20755-CE4E-3866-9158-60105BD750B2}.DebugGame|HoloLens.Deploy.0 = DebugGame|arm64
		{88B20755-CE4E-3866-9158-60105BD750B2}.DebugGame|Win64.ActiveCfg = DebugGame|x64
		{88B20755-CE4E-3866-9158-60105BD750B2}.DebugGame|Win64.Build.0 = DebugGame|x64
		{88B20755-CE4E-3866-9158-60105BD750B2}.Development Editor|HoloLens.ActiveCfg = Invalid|x64
		{88B20755-CE4E-3866-9158-60105BD750B2}.Development Editor|Win64.ActiveCfg = Development_Editor|x64
		{88B20755-CE4E-3866-9158-60105BD750B2}.Development Editor|Win64.Build.0 = Development_Editor|x64
		{88B20755-CE4E-3866-9158-60105BD750B2}.Development|HoloLens.ActiveCfg = Development|arm64
		{88B20755-CE4E-3866-9158-60105BD750B2}.Development|HoloLens.Build.0 = Development|arm64
		{88B20755-CE4E-3866-9158-60105BD750B2}.Development|HoloLens.Deploy.0 = Development|arm64
		{88B20755-CE4E-3866-9158-60105BD750B2}.Development|Win64.ActiveCfg = Development|x64
		{88B20755-CE4E-3866-9158-60105BD750B2}.Development|Win64.Build.0 = Development|x64
		{88B20755-CE4E-3866-9158-60105BD750B2}.Shipping|HoloLens.ActiveCfg = Shipping|arm64
		{88B20755-CE4E-3866-9158-60105BD750B2}.Shipping|HoloLens.Build.0 = Shipping|arm64
		{88B20755-CE4E-3866-9158-60105BD750B2}.Shipping|HoloLens.Deploy.0 = Shipping|arm64
		{88B20755-CE4E-3866-9158-60105BD750B2}.Shipping|Win64.ActiveCfg = Shipping|x64
		{88B20755-CE4E-3866-9158-60105BD750B2}.Shipping|Win64.Build.0 = Shipping|x64
		{09AEB7E3-F432-3105-B4A9-548B59DF2C00}.DebugGame Editor|HoloLens.ActiveCfg = BuiltWithUnrealBuildTool|Win64
		{09AEB7E3-F432-3105-B4A9-548B59DF2C00}.DebugGame Editor|Win64.ActiveCfg = BuiltWithUnrealBuildTool|Win64
		{09AEB7E3-F432-3105-B4A9-548B59DF2C00}.DebugGame|HoloLens.ActiveCfg = BuiltWithUnrealBuildTool|Win64
		{09AEB7E3-F432-3105-B4A9-548B59DF2C00}.DebugGame|Win64.ActiveCfg = BuiltWithUnrealBuildTool|Win64
		{09AEB7E3-F432-3105-B4A9-548B59DF2C00}.Development Editor|HoloLens.ActiveCfg = BuiltWithUnrealBuildTool|Win64
		{09AEB7E3-F432-3105-B4A9-548B59DF2C00}.Development Editor|Win64.ActiveCfg = BuiltWithUnrealBuildTool|Win64
		{09AEB7E3-F432-3105-B4A9-548B59DF2C00}.Development|HoloLens.ActiveCfg = BuiltWithUnrealBuildTool|Win64
		{09AEB7E3-F432-3105-B4A9-548B59DF2C00}.Development|Win64.ActiveCfg = BuiltWithUnrealBuildTool|Win64
		{09AEB7E3-F432-3105-B4A9-548B59DF2C00}.Shipping|HoloLens.ActiveCfg = BuiltWithUnrealBuildTool|Win64
		{09AEB7E3-F432-3105-B4A9-548B59DF2C00}.Shipping|Win64.ActiveCfg = BuiltWithUnrealBuildTool|Win64
	EndGlobalSection
	GlobalSection(SolutionProperties) = preSolution
		HideSolutionNode = FALSE
	EndGlobalSection
	GlobalSection(NestedProjects) = preSolution
		{09AEB7E3-F432-3105-B4A9-548B59DF2C00} = {233774A8-CC9D-3FA9-86D1-90573E92B704}
		{88B20755-CE4E-3866-9158-60105BD750B2} = {DE1F8B53-6C02-3C13-9101-A7C8D96F3FF6}
	EndGlobalSection
EndGlobal
